
Microsoft Visual Studio Solution File, Format Version 12.00
# Visual Studio Version 17
VisualStudioVersion = 17.4.33205.214
MinimumVisualStudioVersion = 10.0.40219.1
Project("{FAE04EC0-301F-11D3-BF4B-00C04F79EFBC}") = "DesignPatterns", "DesignPatterns\DesignPatterns.csproj", "{2652700A-346B-4C8F-A0A6-6B3B5544B524}"
EndProject
Global
	GlobalSection(SolutionConfigurationPlatforms) = preSolution
		Debug|Any CPU = Debug|Any CPU
		Release|Any CPU = Release|Any CPU
	EndGlobalSection
	GlobalSection(ProjectConfigurationPlatforms) = postSolution
		{2652700A-346B-4C8F-A0A6-6B3B5544B524}.Debug|Any CPU.ActiveCfg = Debug|Any CPU
		{2652700A-346B-4C8F-A0A6-6B3B5544B524}.Debug|Any CPU.Build.0 = Debug|Any CPU
		{2652700A-346B-4C8F-A0A6-6B3B5544B524}.Release|Any CPU.ActiveCfg = Release|Any CPU
		{2652700A-346B-4C8F-A0A6-6B3B5544B524}.Release|Any CPU.Build.0 = Release|Any CPU
	EndGlobalSection
	GlobalSection(SolutionProperties) = preSolution
		HideSolutionNode = FALSE
	EndGlobalSection
	GlobalSection(ExtensibilityGlobals) = postSolution
		SolutionGuid = {4E394340-DB6C-462D-9A26-6AC77CE74AEF}
	EndGlobalSection
EndGlobal
